
Microsoft Visual Studio Solution File, Format Version 12.00
# Visual Studio Version 17
VisualStudioVersion = 17.0.31919.166
MinimumVisualStudioVersion = 10.0.40219.1
Project("{FAE04EC0-301F-11D3-BF4B-00C04F79EFBC}") = "UC11_PrimeiroProjetoGrafico", "UC11_PrimeiroProjetoGrafico\UC11_PrimeiroProjetoGrafico.csproj", "{348B8D8F-9482-42BD-916C-21C7E833CA53}"
EndProject
Global
	GlobalSection(SolutionConfigurationPlatforms) = preSolution
		Debug|Any CPU = Debug|Any CPU
		Release|Any CPU = Release|Any CPU
	EndGlobalSection
	GlobalSection(ProjectConfigurationPlatforms) = postSolution
		{348B8D8F-9482-42BD-916C-21C7E833CA53}.Debug|Any CPU.ActiveCfg = Debug|Any CPU
		{348B8D8F-9482-42BD-916C-21C7E833CA53}.Debug|Any CPU.Build.0 = Debug|Any CPU
		{348B8D8F-9482-42BD-916C-21C7E833CA53}.Release|Any CPU.ActiveCfg = Release|Any CPU
		{348B8D8F-9482-42BD-916C-21C7E833CA53}.Release|Any CPU.Build.0 = Release|Any CPU
	EndGlobalSection
	GlobalSection(SolutionProperties) = preSolution
		HideSolutionNode = FALSE
	EndGlobalSection
	GlobalSection(ExtensibilityGlobals) = postSolution
		SolutionGuid = {0B1D92DF-C935-42BB-960A-F1745BAE28F4}
	EndGlobalSection
EndGlobal
